
Microsoft Visual Studio Solution File, Format Version 12.00
# Visual Studio 15
VisualStudioVersion = 15.0.27428.2037
MinimumVisualStudioVersion = 10.0.40219.1
Project("{FAE04EC0-301F-11D3-BF4B-00C04F79EFBC}") = "CodeChallenge", "CodeChallenge\CodeChallenge.csproj", "{F90B74A5-DBF7-49E2-B544-F5A1BB697E7B}"
EndProject
Global
	GlobalSection(SolutionConfigurationPlatforms) = preSolution
		Debug|Any CPU = Debug|Any CPU
		Release|Any CPU = Release|Any CPU
	EndGlobalSection
	GlobalSection(ProjectConfigurationPlatforms) = postSolution
		{F90B74A5-DBF7-49E2-B544-F5A1BB697E7B}.Debug|Any CPU.ActiveCfg = Debug|Any CPU
		{F90B74A5-DBF7-49E2-B544-F5A1BB697E7B}.Debug|Any CPU.Build.0 = Debug|Any CPU
		{F90B74A5-DBF7-49E2-B544-F5A1BB697E7B}.Release|Any CPU.ActiveCfg = Release|Any CPU
		{F90B74A5-DBF7-49E2-B544-F5A1BB697E7B}.Release|Any CPU.Build.0 = Release|Any CPU
	EndGlobalSection
	GlobalSection(SolutionProperties) = preSolution
		HideSolutionNode = FALSE
	EndGlobalSection
	GlobalSection(ExtensibilityGlobals) = postSolution
		SolutionGuid = {F5456A1F-0C95-4F53-867D-AAA3FCF7520D}
	EndGlobalSection
EndGlobal
